
Microsoft Visual Studio Solution File, Format Version 12.00
# Visual Studio Version 16
VisualStudioVersion = 16.0.30204.135
MinimumVisualStudioVersion = 10.0.40219.1
Project("{9A19103F-16F7-4668-BE54-9A1E7A4F7556}") = "Triangulo", "Triangulo\Triangulo.csproj", "{1693CB57-6DD8-47BE-ACF4-D3F9BF4EA5B2}"
EndProject
Project("{9A19103F-16F7-4668-BE54-9A1E7A4F7556}") = "Pessoa", "Pessoa\Pessoa.csproj", "{91EE136A-A54A-42B0-8C34-01FB6B221C2A}"
EndProject
Project("{9A19103F-16F7-4668-BE54-9A1E7A4F7556}") = "Funcionario", "Funcionario\Funcionario.csproj", "{754EF936-C893-4446-8276-913BFC3D780D}"
EndProject
Project("{9A19103F-16F7-4668-BE54-9A1E7A4F7556}") = "Produto", "Produto\Produto.csproj", "{6344BBD4-7465-4B05-8DDB-0DA40FC478FE}"
EndProject
Project("{9A19103F-16F7-4668-BE54-9A1E7A4F7556}") = "CalculoDoRaio", "CalculoDoRaio\CalculoDoRaio.csproj", "{4CB13BCC-CAAD-4F81-B2AF-BCBD03DC10DC}"
EndProject
Project("{9A19103F-16F7-4668-BE54-9A1E7A4F7556}") = "Conta", "Conta\Conta.csproj", "{EBC706A5-7ACC-40C9-8747-27F7D46958F2}"
EndProject
Project("{9A19103F-16F7-4668-BE54-9A1E7A4F7556}") = "VetorProduto", "VetorProduto\VetorProduto.csproj", "{851867F0-09A8-4875-9A58-6CD9423079E4}"
EndProject
Project("{9A19103F-16F7-4668-BE54-9A1E7A4F7556}") = "Lista", "Lista\Lista.csproj", "{8526D814-49BE-4607-A98C-A52972FF9DB9}"
EndProject
Project("{9A19103F-16F7-4668-BE54-9A1E7A4F7556}") = "Inferencia", "Inferencia\Inferencia.csproj", "{FE64D197-17CF-4C9A-9B03-E8929B4A2210}"
EndProject
Project("{9A19103F-16F7-4668-BE54-9A1E7A4F7556}") = "Ternario", "Ternario\Ternario.csproj", "{99FCCCA1-26DF-4525-A5F5-117ECA2F6189}"
EndProject
Project("{9A19103F-16F7-4668-BE54-9A1E7A4F7556}") = "Datas", "Datas\Datas.csproj", "{3802692A-6F2E-4398-861F-6CA6CF718D9B}"
EndProject
Project("{9A19103F-16F7-4668-BE54-9A1E7A4F7556}") = "TimeSpan", "TimeSpan\TimeSpan.csproj", "{9D50E6C6-C69B-4068-8C38-4BB63C45326A}"
EndProject
Project("{9A19103F-16F7-4668-BE54-9A1E7A4F7556}") = "MinAndMax", "MinAndMax\MinAndMax.csproj", "{71571388-91B6-4778-A909-B00892F99006}"
EndProject
Project("{9A19103F-16F7-4668-BE54-9A1E7A4F7556}") = "Enumeradores", "Enums\Enumeradores.csproj", "{16BCF68E-2B1B-4E13-972C-2D59FC1530D9}"
EndProject
Project("{9A19103F-16F7-4668-BE54-9A1E7A4F7556}") = "WorkerDatas", "Worker\WorkerDatas.csproj", "{825618A8-AA47-4857-95FE-2F9D897C824B}"
EndProject
Project("{9A19103F-16F7-4668-BE54-9A1E7A4F7556}") = "SocialNetwork", "SocialNetwork\SocialNetwork.csproj", "{0A68CAE1-C1FE-497E-83F2-4DEECA1CA533}"
EndProject
Project("{9A19103F-16F7-4668-BE54-9A1E7A4F7556}") = "Accounts", "Accounts\Accounts.csproj", "{F8B044D4-9107-4A38-93BB-FE593521C44B}"
EndProject
Project("{9A19103F-16F7-4668-BE54-9A1E7A4F7556}") = "Employees", "Employees\Employees.csproj", "{71A80C09-6D71-4BB6-B305-F98F82557175}"
EndProject
Project("{9A19103F-16F7-4668-BE54-9A1E7A4F7556}") = "Products", "Products\Products.csproj", "{ED44BD5B-3D7A-4D7D-B3EA-192D09C5E97E}"
EndProject
Project("{9A19103F-16F7-4668-BE54-9A1E7A4F7556}") = "Figures", "Figures\Figures.csproj", "{16FFE090-D6B9-4D61-A1AE-A95549359F2D}"
EndProject
Project("{9A19103F-16F7-4668-BE54-9A1E7A4F7556}") = "Contributors", "Contributors\Contributors.csproj", "{D3579C5A-CBD4-4607-A774-553B05F28577}"
EndProject
Project("{9A19103F-16F7-4668-BE54-9A1E7A4F7556}") = "Exception01", "Exception01\Exception01.csproj", "{2E46ECC0-AE6C-4BB1-BAA2-F1941E47F128}"
EndProject
Project("{9A19103F-16F7-4668-BE54-9A1E7A4F7556}") = "Reservations", "Reservation\Reservations.csproj", "{5384867F-577C-4BE0-AFCC-692986301737}"
EndProject
Project("{9A19103F-16F7-4668-BE54-9A1E7A4F7556}") = "WithoutInterface", "WithoutInterface\WithoutInterface.csproj", "{0BD8894E-4D14-4E76-87EE-3EFB11D70CCB}"
EndProject
Project("{9A19103F-16F7-4668-BE54-9A1E7A4F7556}") = "WithInterface", "WithInterface\WithInterface.csproj", "{D9AA64E1-426F-4F67-A70F-2A8E5C734893}"
EndProject
Project("{9A19103F-16F7-4668-BE54-9A1E7A4F7556}") = "Devices", "Devices\Devices.csproj", "{433E4AAE-00F1-4953-BC78-053EBDC44635}"
EndProject
Project("{9A19103F-16F7-4668-BE54-9A1E7A4F7556}") = "GenericsPart01", "GenericsPart01\GenericsPart01.csproj", "{09184200-07ED-4F47-8C5B-04FA41A69166}"
EndProject
Project("{9A19103F-16F7-4668-BE54-9A1E7A4F7556}") = "GenericsPart02", "GenericsPart02\GenericsPart02.csproj", "{D3B0F1E1-C5B0-48AE-9B19-C95CBA6F6BE3}"
EndProject
Project("{9A19103F-16F7-4668-BE54-9A1E7A4F7556}") = "GenericsPart03", "GenericsPart03\GenericsPart03.csproj", "{CEA39D2A-CA84-416E-98D8-E1FB1B1690AA}"
EndProject
Project("{9A19103F-16F7-4668-BE54-9A1E7A4F7556}") = "Sets01", "Sets\Sets01.csproj", "{AF7F42E7-F176-4645-B8DF-5BB40A6AA067}"
EndProject
Project("{9A19103F-16F7-4668-BE54-9A1E7A4F7556}") = "Sets02", "Sets02\Sets02.csproj", "{72BC7388-E618-4738-9D64-C91C2FA43822}"
EndProject
Project("{9A19103F-16F7-4668-BE54-9A1E7A4F7556}") = "Dictionaries", "Dictionarys\Dictionaries.csproj", "{C6C43FAD-3FC1-4731-9C3B-64B38DFBDC89}"
EndProject
Project("{9A19103F-16F7-4668-BE54-9A1E7A4F7556}") = "ExtensionMethods", "ExtensionMethods\ExtensionMethods.csproj", "{2B8C764C-A6AE-44D5-9E16-BF9578F18E07}"
EndProject
Project("{9A19103F-16F7-4668-BE54-9A1E7A4F7556}") = "ExpComparison", "ExpComparison\ExpComparison.csproj", "{92B7D1E7-F5B6-439A-9CF1-0A57B75BEB29}"
EndProject
Project("{9A19103F-16F7-4668-BE54-9A1E7A4F7556}") = "ExPredicate", "ExPredicate\ExPredicate.csproj", "{C4E1D601-2E4F-43B1-A464-4EDC78E24A88}"
EndProject
Project("{9A19103F-16F7-4668-BE54-9A1E7A4F7556}") = "ExAction", "ExAction\ExAction.csproj", "{0C3B992A-6718-4532-ADE2-B71859C05E57}"
EndProject
Project("{9A19103F-16F7-4668-BE54-9A1E7A4F7556}") = "ExFunc", "ExFunc\ExFunc.csproj", "{76AEB580-2EC0-40D7-9BEA-637A1E034FA9}"
EndProject
Project("{FAE04EC0-301F-11D3-BF4B-00C04F79EFBC}") = "Linq", "Linq\Linq.csproj", "{F5700EF8-250D-4FF9-8694-D460E623827C}"
EndProject
Project("{FAE04EC0-301F-11D3-BF4B-00C04F79EFBC}") = "Linq01", "Linq01\Linq01.csproj", "{59E494C6-5D90-4C67-A14B-716BCE9B849B}"
EndProject
Global
	GlobalSection(SolutionConfigurationPlatforms) = preSolution
		Debug|Any CPU = Debug|Any CPU
		Release|Any CPU = Release|Any CPU
	EndGlobalSection
	GlobalSection(ProjectConfigurationPlatforms) = postSolution
		{1693CB57-6DD8-47BE-ACF4-D3F9BF4EA5B2}.Debug|Any CPU.ActiveCfg = Debug|Any CPU
		{1693CB57-6DD8-47BE-ACF4-D3F9BF4EA5B2}.Debug|Any CPU.Build.0 = Debug|Any CPU
		{1693CB57-6DD8-47BE-ACF4-D3F9BF4EA5B2}.Release|Any CPU.ActiveCfg = Release|Any CPU
		{1693CB57-6DD8-47BE-ACF4-D3F9BF4EA5B2}.Release|Any CPU.Build.0 = Release|Any CPU
		{91EE136A-A54A-42B0-8C34-01FB6B221C2A}.Debug|Any CPU.ActiveCfg = Debug|Any CPU
		{91EE136A-A54A-42B0-8C34-01FB6B221C2A}.Debug|Any CPU.Build.0 = Debug|Any CPU
		{91EE136A-A54A-42B0-8C34-01FB6B221C2A}.Release|Any CPU.ActiveCfg = Release|Any CPU
		{91EE136A-A54A-42B0-8C34-01FB6B221C2A}.Release|Any CPU.Build.0 = Release|Any CPU
		{754EF936-C893-4446-8276-913BFC3D780D}.Debug|Any CPU.ActiveCfg = Debug|Any CPU
		{754EF936-C893-4446-8276-913BFC3D780D}.Debug|Any CPU.Build.0 = Debug|Any CPU
		{754EF936-C893-4446-8276-913BFC3D780D}.Release|Any CPU.ActiveCfg = Release|Any CPU
		{754EF936-C893-4446-8276-913BFC3D780D}.Release|Any CPU.Build.0 = Release|Any CPU
		{6344BBD4-7465-4B05-8DDB-0DA40FC478FE}.Debug|Any CPU.ActiveCfg = Debug|Any CPU
		{6344BBD4-7465-4B05-8DDB-0DA40FC478FE}.Debug|Any CPU.Build.0 = Debug|Any CPU
		{6344BBD4-7465-4B05-8DDB-0DA40FC478FE}.Release|Any CPU.ActiveCfg = Release|Any CPU
		{6344BBD4-7465-4B05-8DDB-0DA40FC478FE}.Release|Any CPU.Build.0 = Release|Any CPU
		{4CB13BCC-CAAD-4F81-B2AF-BCBD03DC10DC}.Debug|Any CPU.ActiveCfg = Debug|Any CPU
		{4CB13BCC-CAAD-4F81-B2AF-BCBD03DC10DC}.Debug|Any CPU.Build.0 = Debug|Any CPU
		{4CB13BCC-CAAD-4F81-B2AF-BCBD03DC10DC}.Release|Any CPU.ActiveCfg = Release|Any CPU
		{4CB13BCC-CAAD-4F81-B2AF-BCBD03DC10DC}.Release|Any CPU.Build.0 = Release|Any CPU
		{EBC706A5-7ACC-40C9-8747-27F7D46958F2}.Debug|Any CPU.ActiveCfg = Debug|Any CPU
		{EBC706A5-7ACC-40C9-8747-27F7D46958F2}.Debug|Any CPU.Build.0 = Debug|Any CPU
		{EBC706A5-7ACC-40C9-8747-27F7D46958F2}.Release|Any CPU.ActiveCfg = Release|Any CPU
		{EBC706A5-7ACC-40C9-8747-27F7D46958F2}.Release|Any CPU.Build.0 = Release|Any CPU
		{851867F0-09A8-4875-9A58-6CD9423079E4}.Debug|Any CPU.ActiveCfg = Debug|Any CPU
		{851867F0-09A8-4875-9A58-6CD9423079E4}.Debug|Any CPU.Build.0 = Debug|Any CPU
		{851867F0-09A8-4875-9A58-6CD9423079E4}.Release|Any CPU.ActiveCfg = Release|Any CPU
		{851867F0-09A8-4875-9A58-6CD9423079E4}.Release|Any CPU.Build.0 = Release|Any CPU
		{8526D814-49BE-4607-A98C-A52972FF9DB9}.Debug|Any CPU.ActiveCfg = Debug|Any CPU
		{8526D814-49BE-4607-A98C-A52972FF9DB9}.Debug|Any CPU.Build.0 = Debug|Any CPU
		{8526D814-49BE-4607-A98C-A52972FF9DB9}.Release|Any CPU.ActiveCfg = Release|Any CPU
		{8526D814-49BE-4607-A98C-A52972FF9DB9}.Release|Any CPU.Build.0 = Release|Any CPU
		{FE64D197-17CF-4C9A-9B03-E8929B4A2210}.Debug|Any CPU.ActiveCfg = Debug|Any CPU
		{FE64D197-17CF-4C9A-9B03-E8929B4A2210}.Debug|Any CPU.Build.0 = Debug|Any CPU
		{FE64D197-17CF-4C9A-9B03-E8929B4A2210}.Release|Any CPU.ActiveCfg = Release|Any CPU
		{FE64D197-17CF-4C9A-9B03-E8929B4A2210}.Release|Any CPU.Build.0 = Release|Any CPU
		{99FCCCA1-26DF-4525-A5F5-117ECA2F6189}.Debug|Any CPU.ActiveCfg = Debug|Any CPU
		{99FCCCA1-26DF-4525-A5F5-117ECA2F6189}.Debug|Any CPU.Build.0 = Debug|Any CPU
		{99FCCCA1-26DF-4525-A5F5-117ECA2F6189}.Release|Any CPU.ActiveCfg = Release|Any CPU
		{99FCCCA1-26DF-4525-A5F5-117ECA2F6189}.Release|Any CPU.Build.0 = Release|Any CPU
		{3802692A-6F2E-4398-861F-6CA6CF718D9B}.Debug|Any CPU.ActiveCfg = Debug|Any CPU
		{3802692A-6F2E-4398-861F-6CA6CF718D9B}.Debug|Any CPU.Build.0 = Debug|Any CPU
		{3802692A-6F2E-4398-861F-6CA6CF718D9B}.Release|Any CPU.ActiveCfg = Release|Any CPU
		{3802692A-6F2E-4398-861F-6CA6CF718D9B}.Release|Any CPU.Build.0 = Release|Any CPU
		{9D50E6C6-C69B-4068-8C38-4BB63C45326A}.Debug|Any CPU.ActiveCfg = Debug|Any CPU
		{9D50E6C6-C69B-4068-8C38-4BB63C45326A}.Debug|Any CPU.Build.0 = Debug|Any CPU
		{9D50E6C6-C69B-4068-8C38-4BB63C45326A}.Release|Any CPU.ActiveCfg = Release|Any CPU
		{9D50E6C6-C69B-4068-8C38-4BB63C45326A}.Release|Any CPU.Build.0 = Release|Any CPU
		{71571388-91B6-4778-A909-B00892F99006}.Debug|Any CPU.ActiveCfg = Debug|Any CPU
		{71571388-91B6-4778-A909-B00892F99006}.Debug|Any CPU.Build.0 = Debug|Any CPU
		{71571388-91B6-4778-A909-B00892F99006}.Release|Any CPU.ActiveCfg = Release|Any CPU
		{71571388-91B6-4778-A909-B00892F99006}.Release|Any CPU.Build.0 = Release|Any CPU
		{16BCF68E-2B1B-4E13-972C-2D59FC1530D9}.Debug|Any CPU.ActiveCfg = Debug|Any CPU
		{16BCF68E-2B1B-4E13-972C-2D59FC1530D9}.Debug|Any CPU.Build.0 = Debug|Any CPU
		{16BCF68E-2B1B-4E13-972C-2D59FC1530D9}.Release|Any CPU.ActiveCfg = Release|Any CPU
		{16BCF68E-2B1B-4E13-972C-2D59FC1530D9}.Release|Any CPU.Build.0 = Release|Any CPU
		{825618A8-AA47-4857-95FE-2F9D897C824B}.Debug|Any CPU.ActiveCfg = Debug|Any CPU
		{825618A8-AA47-4857-95FE-2F9D897C824B}.Debug|Any CPU.Build.0 = Debug|Any CPU
		{825618A8-AA47-4857-95FE-2F9D897C824B}.Release|Any CPU.ActiveCfg = Release|Any CPU
		{825618A8-AA47-4857-95FE-2F9D897C824B}.Release|Any CPU.Build.0 = Release|Any CPU
		{0A68CAE1-C1FE-497E-83F2-4DEECA1CA533}.Debug|Any CPU.ActiveCfg = Debug|Any CPU
		{0A68CAE1-C1FE-497E-83F2-4DEECA1CA533}.Debug|Any CPU.Build.0 = Debug|Any CPU
		{0A68CAE1-C1FE-497E-83F2-4DEECA1CA533}.Release|Any CPU.ActiveCfg = Release|Any CPU
		{0A68CAE1-C1FE-497E-83F2-4DEECA1CA533}.Release|Any CPU.Build.0 = Release|Any CPU
		{F8B044D4-9107-4A38-93BB-FE593521C44B}.Debug|Any CPU.ActiveCfg = Debug|Any CPU
		{F8B044D4-9107-4A38-93BB-FE593521C44B}.Debug|Any CPU.Build.0 = Debug|Any CPU
		{F8B044D4-9107-4A38-93BB-FE593521C44B}.Release|Any CPU.ActiveCfg = Release|Any CPU
		{F8B044D4-9107-4A38-93BB-FE593521C44B}.Release|Any CPU.Build.0 = Release|Any CPU
		{71A80C09-6D71-4BB6-B305-F98F82557175}.Debug|Any CPU.ActiveCfg = Debug|Any CPU
		{71A80C09-6D71-4BB6-B305-F98F82557175}.Debug|Any CPU.Build.0 = Debug|Any CPU
		{71A80C09-6D71-4BB6-B305-F98F82557175}.Release|Any CPU.ActiveCfg = Release|Any CPU
		{71A80C09-6D71-4BB6-B305-F98F82557175}.Release|Any CPU.Build.0 = Release|Any CPU
		{ED44BD5B-3D7A-4D7D-B3EA-192D09C5E97E}.Debug|Any CPU.ActiveCfg = Debug|Any CPU
		{ED44BD5B-3D7A-4D7D-B3EA-192D09C5E97E}.Debug|Any CPU.Build.0 = Debug|Any CPU
		{ED44BD5B-3D7A-4D7D-B3EA-192D09C5E97E}.Release|Any CPU.ActiveCfg = Release|Any CPU
		{ED44BD5B-3D7A-4D7D-B3EA-192D09C5E97E}.Release|Any CPU.Build.0 = Release|Any CPU
		{16FFE090-D6B9-4D61-A1AE-A95549359F2D}.Debug|Any CPU.ActiveCfg = Debug|Any CPU
		{16FFE090-D6B9-4D61-A1AE-A95549359F2D}.Debug|Any CPU.Build.0 = Debug|Any CPU
		{16FFE090-D6B9-4D61-A1AE-A95549359F2D}.Release|Any CPU.ActiveCfg = Release|Any CPU
		{16FFE090-D6B9-4D61-A1AE-A95549359F2D}.Release|Any CPU.Build.0 = Release|Any CPU
		{D3579C5A-CBD4-4607-A774-553B05F28577}.Debug|Any CPU.ActiveCfg = Debug|Any CPU
		{D3579C5A-CBD4-4607-A774-553B05F28577}.Debug|Any CPU.Build.0 = Debug|Any CPU
		{D3579C5A-CBD4-4607-A774-553B05F28577}.Release|Any CPU.ActiveCfg = Release|Any CPU
		{D3579C5A-CBD4-4607-A774-553B05F28577}.Release|Any CPU.Build.0 = Release|Any CPU
		{2E46ECC0-AE6C-4BB1-BAA2-F1941E47F128}.Debug|Any CPU.ActiveCfg = Debug|Any CPU
		{2E46ECC0-AE6C-4BB1-BAA2-F1941E47F128}.Debug|Any CPU.Build.0 = Debug|Any CPU
		{2E46ECC0-AE6C-4BB1-BAA2-F1941E47F128}.Release|Any CPU.ActiveCfg = Release|Any CPU
		{2E46ECC0-AE6C-4BB1-BAA2-F1941E47F128}.Release|Any CPU.Build.0 = Release|Any CPU
		{5384867F-577C-4BE0-AFCC-692986301737}.Debug|Any CPU.ActiveCfg = Debug|Any CPU
		{5384867F-577C-4BE0-AFCC-692986301737}.Debug|Any CPU.Build.0 = Debug|Any CPU
		{5384867F-577C-4BE0-AFCC-692986301737}.Release|Any CPU.ActiveCfg = Release|Any CPU
		{5384867F-577C-4BE0-AFCC-692986301737}.Release|Any CPU.Build.0 = Release|Any CPU
		{0BD8894E-4D14-4E76-87EE-3EFB11D70CCB}.Debug|Any CPU.ActiveCfg = Debug|Any CPU
		{0BD8894E-4D14-4E76-87EE-3EFB11D70CCB}.Debug|Any CPU.Build.0 = Debug|Any CPU
		{0BD8894E-4D14-4E76-87EE-3EFB11D70CCB}.Release|Any CPU.ActiveCfg = Release|Any CPU
		{0BD8894E-4D14-4E76-87EE-3EFB11D70CCB}.Release|Any CPU.Build.0 = Release|Any CPU
		{D9AA64E1-426F-4F67-A70F-2A8E5C734893}.Debug|Any CPU.ActiveCfg = Debug|Any CPU
		{D9AA64E1-426F-4F67-A70F-2A8E5C734893}.Debug|Any CPU.Build.0 = Debug|Any CPU
		{D9AA64E1-426F-4F67-A70F-2A8E5C734893}.Release|Any CPU.ActiveCfg = Release|Any CPU
		{D9AA64E1-426F-4F67-A70F-2A8E5C734893}.Release|Any CPU.Build.0 = Release|Any CPU
		{433E4AAE-00F1-4953-BC78-053EBDC44635}.Debug|Any CPU.ActiveCfg = Debug|Any CPU
		{433E4AAE-00F1-4953-BC78-053EBDC44635}.Debug|Any CPU.Build.0 = Debug|Any CPU
		{433E4AAE-00F1-4953-BC78-053EBDC44635}.Release|Any CPU.ActiveCfg = Release|Any CPU
		{433E4AAE-00F1-4953-BC78-053EBDC44635}.Release|Any CPU.Build.0 = Release|Any CPU
		{09184200-07ED-4F47-8C5B-04FA41A69166}.Debug|Any CPU.ActiveCfg = Debug|Any CPU
		{09184200-07ED-4F47-8C5B-04FA41A69166}.Debug|Any CPU.Build.0 = Debug|Any CPU
		{09184200-07ED-4F47-8C5B-04FA41A69166}.Release|Any CPU.ActiveCfg = Release|Any CPU
		{09184200-07ED-4F47-8C5B-04FA41A69166}.Release|Any CPU.Build.0 = Release|Any CPU
		{D3B0F1E1-C5B0-48AE-9B19-C95CBA6F6BE3}.Debug|Any CPU.ActiveCfg = Debug|Any CPU
		{D3B0F1E1-C5B0-48AE-9B19-C95CBA6F6BE3}.Debug|Any CPU.Build.0 = Debug|Any CPU
		{D3B0F1E1-C5B0-48AE-9B19-C95CBA6F6BE3}.Release|Any CPU.ActiveCfg = Release|Any CPU
		{D3B0F1E1-C5B0-48AE-9B19-C95CBA6F6BE3}.Release|Any CPU.Build.0 = Release|Any CPU
		{CEA39D2A-CA84-416E-98D8-E1FB1B1690AA}.Debug|Any CPU.ActiveCfg = Debug|Any CPU
		{CEA39D2A-CA84-416E-98D8-E1FB1B1690AA}.Debug|Any CPU.Build.0 = Debug|Any CPU
		{CEA39D2A-CA84-416E-98D8-E1FB1B1690AA}.Release|Any CPU.ActiveCfg = Release|Any CPU
		{CEA39D2A-CA84-416E-98D8-E1FB1B1690AA}.Release|Any CPU.Build.0 = Release|Any CPU
		{AF7F42E7-F176-4645-B8DF-5BB40A6AA067}.Debug|Any CPU.ActiveCfg = Debug|Any CPU
		{AF7F42E7-F176-4645-B8DF-5BB40A6AA067}.Debug|Any CPU.Build.0 = Debug|Any CPU
		{AF7F42E7-F176-4645-B8DF-5BB40A6AA067}.Release|Any CPU.ActiveCfg = Release|Any CPU
		{AF7F42E7-F176-4645-B8DF-5BB40A6AA067}.Release|Any CPU.Build.0 = Release|Any CPU
		{72BC7388-E618-4738-9D64-C91C2FA43822}.Debug|Any CPU.ActiveCfg = Debug|Any CPU
		{72BC7388-E618-4738-9D64-C91C2FA43822}.Debug|Any CPU.Build.0 = Debug|Any CPU
		{72BC7388-E618-4738-9D64-C91C2FA43822}.Release|Any CPU.ActiveCfg = Release|Any CPU
		{72BC7388-E618-4738-9D64-C91C2FA43822}.Release|Any CPU.Build.0 = Release|Any CPU
		{C6C43FAD-3FC1-4731-9C3B-64B38DFBDC89}.Debug|Any CPU.ActiveCfg = Debug|Any CPU
		{C6C43FAD-3FC1-4731-9C3B-64B38DFBDC89}.Debug|Any CPU.Build.0 = Debug|Any CPU
		{C6C43FAD-3FC1-4731-9C3B-64B38DFBDC89}.Release|Any CPU.ActiveCfg = Release|Any CPU
		{C6C43FAD-3FC1-4731-9C3B-64B38DFBDC89}.Release|Any CPU.Build.0 = Release|Any CPU
		{2B8C764C-A6AE-44D5-9E16-BF9578F18E07}.Debug|Any CPU.ActiveCfg = Debug|Any CPU
		{2B8C764C-A6AE-44D5-9E16-BF9578F18E07}.Debug|Any CPU.Build.0 = Debug|Any CPU
		{2B8C764C-A6AE-44D5-9E16-BF9578F18E07}.Release|Any CPU.ActiveCfg = Release|Any CPU
		{2B8C764C-A6AE-44D5-9E16-BF9578F18E07}.Release|Any CPU.Build.0 = Release|Any CPU
		{92B7D1E7-F5B6-439A-9CF1-0A57B75BEB29}.Debug|Any CPU.ActiveCfg = Debug|Any CPU
		{92B7D1E7-F5B6-439A-9CF1-0A57B75BEB29}.Debug|Any CPU.Build.0 = Debug|Any CPU
		{92B7D1E7-F5B6-439A-9CF1-0A57B75BEB29}.Release|Any CPU.ActiveCfg = Release|Any CPU
		{92B7D1E7-F5B6-439A-9CF1-0A57B75BEB29}.Release|Any CPU.Build.0 = Release|Any CPU
		{C4E1D601-2E4F-43B1-A464-4EDC78E24A88}.Debug|Any CPU.ActiveCfg = Debug|Any CPU
		{C4E1D601-2E4F-43B1-A464-4EDC78E24A88}.Debug|Any CPU.Build.0 = Debug|Any CPU
		{C4E1D601-2E4F-43B1-A464-4EDC78E24A88}.Release|Any CPU.ActiveCfg = Release|Any CPU
		{C4E1D601-2E4F-43B1-A464-4EDC78E24A88}.Release|Any CPU.Build.0 = Release|Any CPU
		{0C3B992A-6718-4532-ADE2-B71859C05E57}.Debug|Any CPU.ActiveCfg = Debug|Any CPU
		{0C3B992A-6718-4532-ADE2-B71859C05E57}.Debug|Any CPU.Build.0 = Debug|Any CPU
		{0C3B992A-6718-4532-ADE2-B71859C05E57}.Release|Any CPU.ActiveCfg = Release|Any CPU
		{0C3B992A-6718-4532-ADE2-B71859C05E57}.Release|Any CPU.Build.0 = Release|Any CPU
		{76AEB580-2EC0-40D7-9BEA-637A1E034FA9}.Debug|Any CPU.ActiveCfg = Debug|Any CPU
		{76AEB580-2EC0-40D7-9BEA-637A1E034FA9}.Debug|Any CPU.Build.0 = Debug|Any CPU
		{76AEB580-2EC0-40D7-9BEA-637A1E034FA9}.Release|Any CPU.ActiveCfg = Release|Any CPU
		{76AEB580-2EC0-40D7-9BEA-637A1E034FA9}.Release|Any CPU.Build.0 = Release|Any CPU
		{F5700EF8-250D-4FF9-8694-D460E623827C}.Debug|Any CPU.ActiveCfg = Debug|Any CPU
		{F5700EF8-250D-4FF9-8694-D460E623827C}.Debug|Any CPU.Build.0 = Debug|Any CPU
		{F5700EF8-250D-4FF9-8694-D460E623827C}.Release|Any CPU.ActiveCfg = Release|Any CPU
		{F5700EF8-250D-4FF9-8694-D460E623827C}.Release|Any CPU.Build.0 = Release|Any CPU
		{59E494C6-5D90-4C67-A14B-716BCE9B849B}.Debug|Any CPU.ActiveCfg = Debug|Any CPU
		{59E494C6-5D90-4C67-A14B-716BCE9B849B}.Debug|Any CPU.Build.0 = Debug|Any CPU
		{59E494C6-5D90-4C67-A14B-716BCE9B849B}.Release|Any CPU.ActiveCfg = Release|Any CPU
		{59E494C6-5D90-4C67-A14B-716BCE9B849B}.Release|Any CPU.Build.0 = Release|Any CPU
	EndGlobalSection
	GlobalSection(SolutionProperties) = preSolution
		HideSolutionNode = FALSE
	EndGlobalSection
	GlobalSection(ExtensibilityGlobals) = postSolution
		SolutionGuid = {16A64AFE-BEBD-4260-BDDE-2003ECDD3B6C}
	EndGlobalSection
EndGlobal
